{
  "name": "baksia",
  "version": "1.0.0",
  "lockfileVersion": 2,
  "requires": true,
  "packages": {
    "": {
      "name": "baksia",
      "version": "1.0.0",
      "hasInstallScript": true,
      "license": "ISC",
      "dependencies": {
        "@digdir/designsystemet-css": "^1.13.1",
        "@digdir/designsystemet-web": "^1.13.1",
        "bootstrap": "^5.3.3"
      },
      "devDependencies": {
        "prettier": "^3.2.5",
        "prettier-plugin-go-template": "^0.0.15"
      }
    },
    "node_modules/@digdir/designsystemet-css": {
      "version": "1.13.1",
      "resolved": "https://registry.npmjs.org/@digdir/designsystemet-css/-/designsystemet-css-1.13.1.tgz",
      "integrity": "sha512-GcXbTD4aNeIf+gcqhLnraulG7tIVQVr0OMLlxeD5eDLgZiuwUyst6tGBYOe7pMLPnwZin4+fg1xpobHsv3WZBQ==",
      "license": "MIT",
      "dependencies": {
        "@digdir/designsystemet-types": "^1.13.1"
      }
    },
    "node_modules/@digdir/designsystemet-types": {
      "version": "1.13.1",
      "resolved": "https://registry.npmjs.org/@digdir/designsystemet-types/-/designsystemet-types-1.13.1.tgz",
      "integrity": "sha512-oIaxQrUMhhfni3NpvG1lpOxOjCHs9Dm062VlTgbTJ8MbOizLx/W23ayGtOE79CiG77Dt5kga3TC9DMalONfDAg==",
      "license": "MIT"
    },
    "node_modules/@digdir/designsystemet-web": {
      "version": "1.13.1",
      "resolved": "https://registry.npmjs.org/@digdir/designsystemet-web/-/designsystemet-web-1.13.1.tgz",
      "integrity": "sha512-S3TsW83YGIQs6h/EI40luJ2K4hgNADuTdt8+1akZAw3wCcfNBBuN72ZUUgSL94BKIaxwp8bSUCfHMD9VpRI6tg==",
      "license": "MIT",
      "dependencies": {
        "@floating-ui/dom": "^1.7.6",
        "@u-elements/u-combobox": "^1.0.7",
        "@u-elements/u-datalist": "^1.1.0",
        "@u-elements/u-details": "^0.2.2",
        "@u-elements/u-progress": "^0.0.7",
        "@u-elements/u-tabs": "^0.1.2",
        "invokers-polyfill": "^0.6.1"
      }
    },
    "node_modules/@floating-ui/core": {
      "version": "1.7.5",
      "resolved": "https://registry.npmjs.org/@floating-ui/core/-/core-1.7.5.tgz",
      "integrity": "sha512-1Ih4WTWyw0+lKyFMcBHGbb5U5FtuHJuujoyyr5zTaWS5EYMeT6Jb2AuDeftsCsEuchO+mM2ij5+q9crhydzLhQ==",
      "license": "MIT",
      "dependencies": {
        "@floating-ui/utils": "^0.2.11"
      }
    },
    "node_modules/@floating-ui/dom": {
      "version": "1.7.6",
      "resolved": "https://registry.npmjs.org/@floating-ui/dom/-/dom-1.7.6.tgz",
      "integrity": "sha512-9gZSAI5XM36880PPMm//9dfiEngYoC6Am2izES1FF406YFsjvyBMmeJ2g4SAju3xWwtuynNRFL2s9hgxpLI5SQ==",
      "license": "MIT",
      "dependencies": {
        "@floating-ui/core": "^1.7.5",
        "@floating-ui/utils": "^0.2.11"
      }
    },
    "node_modules/@floating-ui/utils": {
      "version": "0.2.11",
      "resolved": "https://registry.npmjs.org/@floating-ui/utils/-/utils-0.2.11.tgz",
      "integrity": "sha512-RiB/yIh78pcIxl6lLMG0CgBXAZ2Y0eVHqMPYugu+9U0AeT6YBeiJpf7lbdJNIugFP5SIjwNRgo4DhR1Qxi26Gg==",
      "license": "MIT"
    },
    "node_modules/@popperjs/core": {
      "version": "2.11.8",
      "resolved": "https://registry.npmjs.org/@popperjs/core/-/core-2.11.8.tgz",
      "integrity": "sha512-P1st0aksCrn9sGZhp8GMYwBnQsbvAWsZAX44oXNNvLHGqAOcoVxmjZiohstwQ7SqKnbR47akdNi+uleWD8+g6A==",
      "peer": true,
      "funding": {
        "type": "opencollective",
        "url": "https://opencollective.com/popperjs"
      }
    },
    "node_modules/@u-elements/u-combobox": {
      "version": "1.0.7",
      "resolved": "https://registry.npmjs.org/@u-elements/u-combobox/-/u-combobox-1.0.7.tgz",
      "integrity": "sha512-rueG+Wof9ycmbjIW2omS4bLite5BkH87SWfkBrvSjrR1GWn4wgpjnUQ1lORDRalYcPYlgFWy2uGFEqqKPx3Yqw==",
      "license": "MIT"
    },
    "node_modules/@u-elements/u-datalist": {
      "version": "1.1.0",
      "resolved": "https://registry.npmjs.org/@u-elements/u-datalist/-/u-datalist-1.1.0.tgz",
      "integrity": "sha512-t8H3OddziXmq0YBuXodVWnvRi56WW4sfbJEIO1fx4i39sZ0s/0xjHBsoAsTZkb9mXJEtpgrsH8IkDYP0ZSgSXQ==",
      "license": "MIT"
    },
    "node_modules/@u-elements/u-details": {
      "version": "0.2.2",
      "resolved": "https://registry.npmjs.org/@u-elements/u-details/-/u-details-0.2.2.tgz",
      "integrity": "sha512-8EJH3ajS34IjX4bauUi7z16FNZOLa3GNxfS6QReO1dck4nGNsHT25GYSyDaoQOQX7ZMxlsWADWrUJ9AGLgDO7w==",
      "license": "MIT"
    },
    "node_modules/@u-elements/u-progress": {
      "version": "0.0.7",
      "resolved": "https://registry.npmjs.org/@u-elements/u-progress/-/u-progress-0.0.7.tgz",
      "integrity": "sha512-T2Q6jwWL60we4qiZCOPqnhEfoI2lOaUP3EmYYvnVpZ+iA8HVuqT+kgdQgACiVymfGWgIzapTcP6xaM02AvPa/A==",
      "license": "MIT"
    },
    "node_modules/@u-elements/u-tabs": {
      "version": "0.1.2",
      "resolved": "https://registry.npmjs.org/@u-elements/u-tabs/-/u-tabs-0.1.2.tgz",
      "integrity": "sha512-KVYJFDPZdo+LXrW+mCMPEUen4wXi8VfSMDKWLt2+q6VgYqWBcAIZcaWBRWxIjXFzGfXQSJqD0amnYGaL1RGZ/w==",
      "license": "MIT"
    },
    "node_modules/bootstrap": {
      "version": "5.3.8",
      "resolved": "https://registry.npmjs.org/bootstrap/-/bootstrap-5.3.8.tgz",
      "integrity": "sha512-HP1SZDqaLDPwsNiqRqi5NcP0SSXciX2s9E+RyqJIIqGo+vJeN5AJVM98CXmW/Wux0nQ5L7jeWUdplCEf0Ee+tg==",
      "funding": [
        {
          "type": "github",
          "url": "https://github.com/sponsors/twbs"
        },
        {
          "type": "opencollective",
          "url": "https://opencollective.com/bootstrap"
        }
      ],
      "peerDependencies": {
        "@popperjs/core": "^2.11.8"
      }
    },
    "node_modules/invokers-polyfill": {
      "version": "0.6.1",
      "resolved": "https://registry.npmjs.org/invokers-polyfill/-/invokers-polyfill-0.6.1.tgz",
      "integrity": "sha512-SOl+PfmPcjaXGYvUs3GkbwXN5rAADzl3i33GJ1jOsGhwtlwfMonQvVu5/4aI7X9+J4g+KX2kfiO8jUIvISBubg==",
      "license": "MIT"
    },
    "node_modules/prettier": {
      "version": "3.8.1",
      "resolved": "https://registry.npmjs.org/prettier/-/prettier-3.8.1.tgz",
      "integrity": "sha512-UOnG6LftzbdaHZcKoPFtOcCKztrQ57WkHDeRD9t/PTQtmT0NHSeWWepj6pS0z/N7+08BHFDQVUrfmfMRcZwbMg==",
      "dev": true,
      "bin": {
        "prettier": "bin/prettier.cjs"
      },
      "engines": {
        "node": ">=14"
      },
      "funding": {
        "url": "https://github.com/prettier/prettier?sponsor=1"
      }
    },
    "node_modules/prettier-plugin-go-template": {
      "version": "0.0.15",
      "resolved": "https://registry.npmjs.org/prettier-plugin-go-template/-/prettier-plugin-go-template-0.0.15.tgz",
      "integrity": "sha512-WqU92E1NokWYNZ9mLE6ijoRg6LtIGdLMePt2C7UBDjXeDH9okcRI3zRqtnWR4s5AloiqyvZ66jNBAa9tmRY5EQ==",
      "dev": true,
      "dependencies": {
        "ulid": "^2.3.0"
      },
      "engines": {
        "node": ">=14.0.0"
      },
      "peerDependencies": {
        "prettier": "^3.0.0"
      }
    },
    "node_modules/ulid": {
      "version": "2.3.0",
      "resolved": "https://registry.npmjs.org/ulid/-/ulid-2.3.0.tgz",
      "integrity": "sha512-keqHubrlpvT6G2wH0OEfSW4mquYRcbe/J8NMmveoQOjUqmo+hXtO+ORCpWhdbZ7k72UtY61BL7haGxW6enBnjw==",
      "dev": true,
      "bin": {
        "ulid": "bin/cli.js"
      }
    }
  },
  "dependencies": {
    "@digdir/designsystemet-css": {
      "version": "1.13.1",
      "resolved": "https://registry.npmjs.org/@digdir/designsystemet-css/-/designsystemet-css-1.13.1.tgz",
      "integrity": "sha512-GcXbTD4aNeIf+gcqhLnraulG7tIVQVr0OMLlxeD5eDLgZiuwUyst6tGBYOe7pMLPnwZin4+fg1xpobHsv3WZBQ==",
      "requires": {
        "@digdir/designsystemet-types": "^1.13.1"
      }
    },
    "@digdir/designsystemet-types": {
      "version": "1.13.1",
      "resolved": "https://registry.npmjs.org/@digdir/designsystemet-types/-/designsystemet-types-1.13.1.tgz",
      "integrity": "sha512-oIaxQrUMhhfni3NpvG1lpOxOjCHs9Dm062VlTgbTJ8MbOizLx/W23ayGtOE79CiG77Dt5kga3TC9DMalONfDAg=="
    },
    "@digdir/designsystemet-web": {
      "version": "1.13.1",
      "resolved": "https://registry.npmjs.org/@digdir/designsystemet-web/-/designsystemet-web-1.13.1.tgz",
      "integrity": "sha512-S3TsW83YGIQs6h/EI40luJ2K4hgNADuTdt8+1akZAw3wCcfNBBuN72ZUUgSL94BKIaxwp8bSUCfHMD9VpRI6tg==",
      "requires": {
        "@floating-ui/dom": "^1.7.6",
        "@u-elements/u-combobox": "^1.0.7",
        "@u-elements/u-datalist": "^1.1.0",
        "@u-elements/u-details": "^0.2.2",
        "@u-elements/u-progress": "^0.0.7",
        "@u-elements/u-tabs": "^0.1.2",
        "invokers-polyfill": "^0.6.1"
      }
    },
    "@floating-ui/core": {
      "version": "1.7.5",
      "resolved": "https://registry.npmjs.org/@floating-ui/core/-/core-1.7.5.tgz",
      "integrity": "sha512-1Ih4WTWyw0+lKyFMcBHGbb5U5FtuHJuujoyyr5zTaWS5EYMeT6Jb2AuDeftsCsEuchO+mM2ij5+q9crhydzLhQ==",
      "requires": {
        "@floating-ui/utils": "^0.2.11"
      }
    },
    "@floating-ui/dom": {
      "version": "1.7.6",
      "resolved": "https://registry.npmjs.org/@floating-ui/dom/-/dom-1.7.6.tgz",
      "integrity": "sha512-9gZSAI5XM36880PPMm//9dfiEngYoC6Am2izES1FF406YFsjvyBMmeJ2g4SAju3xWwtuynNRFL2s9hgxpLI5SQ==",
      "requires": {
        "@floating-ui/core": "^1.7.5",
        "@floating-ui/utils": "^0.2.11"
      }
    },
    "@floating-ui/utils": {
      "version": "0.2.11",
      "resolved": "https://registry.npmjs.org/@floating-ui/utils/-/utils-0.2.11.tgz",
      "integrity": "sha512-RiB/yIh78pcIxl6lLMG0CgBXAZ2Y0eVHqMPYugu+9U0AeT6YBeiJpf7lbdJNIugFP5SIjwNRgo4DhR1Qxi26Gg=="
    },
    "@popperjs/core": {
      "version": "2.11.8",
      "resolved": "https://registry.npmjs.org/@popperjs/core/-/core-2.11.8.tgz",
      "integrity": "sha512-P1st0aksCrn9sGZhp8GMYwBnQsbvAWsZAX44oXNNvLHGqAOcoVxmjZiohstwQ7SqKnbR47akdNi+uleWD8+g6A==",
      "peer": true
    },
    "@u-elements/u-combobox": {
      "version": "1.0.7",
      "resolved": "https://registry.npmjs.org/@u-elements/u-combobox/-/u-combobox-1.0.7.tgz",
      "integrity": "sha512-rueG+Wof9ycmbjIW2omS4bLite5BkH87SWfkBrvSjrR1GWn4wgpjnUQ1lORDRalYcPYlgFWy2uGFEqqKPx3Yqw=="
    },
    "@u-elements/u-datalist": {
      "version": "1.1.0",
      "resolved": "https://registry.npmjs.org/@u-elements/u-datalist/-/u-datalist-1.1.0.tgz",
      "integrity": "sha512-t8H3OddziXmq0YBuXodVWnvRi56WW4sfbJEIO1fx4i39sZ0s/0xjHBsoAsTZkb9mXJEtpgrsH8IkDYP0ZSgSXQ=="
    },
    "@u-elements/u-details": {
      "version": "0.2.2",
      "resolved": "https://registry.npmjs.org/@u-elements/u-details/-/u-details-0.2.2.tgz",
      "integrity": "sha512-8EJH3ajS34IjX4bauUi7z16FNZOLa3GNxfS6QReO1dck4nGNsHT25GYSyDaoQOQX7ZMxlsWADWrUJ9AGLgDO7w=="
    },
    "@u-elements/u-progress": {
      "version": "0.0.7",
      "resolved": "https://registry.npmjs.org/@u-elements/u-progress/-/u-progress-0.0.7.tgz",
      "integrity": "sha512-T2Q6jwWL60we4qiZCOPqnhEfoI2lOaUP3EmYYvnVpZ+iA8HVuqT+kgdQgACiVymfGWgIzapTcP6xaM02AvPa/A=="
    },
    "@u-elements/u-tabs": {
      "version": "0.1.2",
      "resolved": "https://registry.npmjs.org/@u-elements/u-tabs/-/u-tabs-0.1.2.tgz",
      "integrity": "sha512-KVYJFDPZdo+LXrW+mCMPEUen4wXi8VfSMDKWLt2+q6VgYqWBcAIZcaWBRWxIjXFzGfXQSJqD0amnYGaL1RGZ/w=="
    },
    "bootstrap": {
      "version": "5.3.8",
      "resolved": "https://registry.npmjs.org/bootstrap/-/bootstrap-5.3.8.tgz",
      "integrity": "sha512-HP1SZDqaLDPwsNiqRqi5NcP0SSXciX2s9E+RyqJIIqGo+vJeN5AJVM98CXmW/Wux0nQ5L7jeWUdplCEf0Ee+tg==",
      "requires": {}
    },
    "invokers-polyfill": {
      "version": "0.6.1",
      "resolved": "https://registry.npmjs.org/invokers-polyfill/-/invokers-polyfill-0.6.1.tgz",
      "integrity": "sha512-SOl+PfmPcjaXGYvUs3GkbwXN5rAADzl3i33GJ1jOsGhwtlwfMonQvVu5/4aI7X9+J4g+KX2kfiO8jUIvISBubg=="
    },
    "prettier": {
      "version": "3.8.1",
      "resolved": "https://registry.npmjs.org/prettier/-/prettier-3.8.1.tgz",
      "integrity": "sha512-UOnG6LftzbdaHZcKoPFtOcCKztrQ57WkHDeRD9t/PTQtmT0NHSeWWepj6pS0z/N7+08BHFDQVUrfmfMRcZwbMg==",
      "dev": true
    },
    "prettier-plugin-go-template": {
      "version": "0.0.15",
      "resolved": "https://registry.npmjs.org/prettier-plugin-go-template/-/prettier-plugin-go-template-0.0.15.tgz",
      "integrity": "sha512-WqU92E1NokWYNZ9mLE6ijoRg6LtIGdLMePt2C7UBDjXeDH9okcRI3zRqtnWR4s5AloiqyvZ66jNBAa9tmRY5EQ==",
      "dev": true,
      "requires": {
        "ulid": "^2.3.0"
      }
    },
    "ulid": {
      "version": "2.3.0",
      "resolved": "https://registry.npmjs.org/ulid/-/ulid-2.3.0.tgz",
      "integrity": "sha512-keqHubrlpvT6G2wH0OEfSW4mquYRcbe/J8NMmveoQOjUqmo+hXtO+ORCpWhdbZ7k72UtY61BL7haGxW6enBnjw==",
      "dev": true
    }
  }
}
